
Microsoft Visual Studio Solution File, Format Version 12.00
# Visual Studio Version 16
VisualStudioVersion = 16.0.29319.158
MinimumVisualStudioVersion = 10.0.40219.1
Project("{9A19103F-16F7-4668-BE54-9A1E7A4F7556}") = "Web", "Web\Web.csproj", "{E6297373-A87C-4AA5-803B-8A41E628211B}"
EndProject
Project("{9A19103F-16F7-4668-BE54-9A1E7A4F7556}") = "Service", "Service\Service.csproj", "{B9DFE648-9D44-45A0-BAA4-806284F6B03C}"
EndProject
Project("{9A19103F-16F7-4668-BE54-9A1E7A4F7556}") = "Fas", "Fas\Fas.csproj", "{EFF05C3B-3546-491F-9ECB-772CC65CA967}"
EndProject
Project("{9A19103F-16F7-4668-BE54-9A1E7A4F7556}") = "Test", "Test\Test.csproj", "{1C96F4A7-194D-4FD7-BBE1-727BA669A2EE}"
EndProject
Project("{FAE04EC0-301F-11D3-BF4B-00C04F79EFBC}") = "SyncStory", "SyncStory\SyncStory.csproj", "{1A10C606-FCBD-486B-90E5-B014708A5E8D}"
EndProject
Global
	GlobalSection(SolutionConfigurationPlatforms) = preSolution
		Debug|Any CPU = Debug|Any CPU
		Release|Any CPU = Release|Any CPU
	EndGlobalSection
	GlobalSection(ProjectConfigurationPlatforms) = postSolution
		{E6297373-A87C-4AA5-803B-8A41E628211B}.Debug|Any CPU.ActiveCfg = Debug|Any CPU
		{E6297373-A87C-4AA5-803B-8A41E628211B}.Debug|Any CPU.Build.0 = Debug|Any CPU
		{E6297373-A87C-4AA5-803B-8A41E628211B}.Release|Any CPU.ActiveCfg = Release|Any CPU
		{E6297373-A87C-4AA5-803B-8A41E628211B}.Release|Any CPU.Build.0 = Release|Any CPU
		{B9DFE648-9D44-45A0-BAA4-806284F6B03C}.Debug|Any CPU.ActiveCfg = Debug|Any CPU
		{B9DFE648-9D44-45A0-BAA4-806284F6B03C}.Debug|Any CPU.Build.0 = Debug|Any CPU
		{B9DFE648-9D44-45A0-BAA4-806284F6B03C}.Release|Any CPU.ActiveCfg = Release|Any CPU
		{B9DFE648-9D44-45A0-BAA4-806284F6B03C}.Release|Any CPU.Build.0 = Release|Any CPU
		{EFF05C3B-3546-491F-9ECB-772CC65CA967}.Debug|Any CPU.ActiveCfg = Debug|Any CPU
		{EFF05C3B-3546-491F-9ECB-772CC65CA967}.Debug|Any CPU.Build.0 = Debug|Any CPU
		{EFF05C3B-3546-491F-9ECB-772CC65CA967}.Release|Any CPU.ActiveCfg = Release|Any CPU
		{EFF05C3B-3546-491F-9ECB-772CC65CA967}.Release|Any CPU.Build.0 = Release|Any CPU
		{1C96F4A7-194D-4FD7-BBE1-727BA669A2EE}.Debug|Any CPU.ActiveCfg = Debug|Any CPU
		{1C96F4A7-194D-4FD7-BBE1-727BA669A2EE}.Debug|Any CPU.Build.0 = Debug|Any CPU
		{1C96F4A7-194D-4FD7-BBE1-727BA669A2EE}.Release|Any CPU.ActiveCfg = Release|Any CPU
		{1C96F4A7-194D-4FD7-BBE1-727BA669A2EE}.Release|Any CPU.Build.0 = Release|Any CPU
		{1A10C606-FCBD-486B-90E5-B014708A5E8D}.Debug|Any CPU.ActiveCfg = Debug|Any CPU
		{1A10C606-FCBD-486B-90E5-B014708A5E8D}.Debug|Any CPU.Build.0 = Debug|Any CPU
		{1A10C606-FCBD-486B-90E5-B014708A5E8D}.Release|Any CPU.ActiveCfg = Release|Any CPU
		{1A10C606-FCBD-486B-90E5-B014708A5E8D}.Release|Any CPU.Build.0 = Release|Any CPU
	EndGlobalSection
	GlobalSection(SolutionProperties) = preSolution
		HideSolutionNode = FALSE
	EndGlobalSection
	GlobalSection(ExtensibilityGlobals) = postSolution
		SolutionGuid = {F0B1EDE8-4581-4EA7-9BC3-B72DE9C917E7}
	EndGlobalSection
EndGlobal
