
Microsoft Visual Studio Solution File, Format Version 12.00
# Visual Studio Version 16
VisualStudioVersion = 16.0.29319.158
MinimumVisualStudioVersion = 10.0.40219.1
Project("{9A19103F-16F7-4668-BE54-9A1E7A4F7556}") = "Fas", "Fas\Fas.csproj", "{EFF05C3B-3546-491F-9ECB-772CC65CA967}"
EndProject
Project("{9A19103F-16F7-4668-BE54-9A1E7A4F7556}") = "SyncStory", "SyncStory\SyncStory.csproj", "{1A10C606-FCBD-486B-90E5-B014708A5E8D}"
EndProject
Project("{FAE04EC0-301F-11D3-BF4B-00C04F79EFBC}") = "Web", "Web\Web.csproj", "{6422461B-B43A-4A47-9E14-17F13AA7867F}"
EndProject
Global
	GlobalSection(SolutionConfigurationPlatforms) = preSolution
		Debug|Any CPU = Debug|Any CPU
		Release|Any CPU = Release|Any CPU
	EndGlobalSection
	GlobalSection(ProjectConfigurationPlatforms) = postSolution
		{EFF05C3B-3546-491F-9ECB-772CC65CA967}.Debug|Any CPU.ActiveCfg = Debug|Any CPU
		{EFF05C3B-3546-491F-9ECB-772CC65CA967}.Debug|Any CPU.Build.0 = Debug|Any CPU
		{EFF05C3B-3546-491F-9ECB-772CC65CA967}.Release|Any CPU.ActiveCfg = Release|Any CPU
		{EFF05C3B-3546-491F-9ECB-772CC65CA967}.Release|Any CPU.Build.0 = Release|Any CPU
		{1A10C606-FCBD-486B-90E5-B014708A5E8D}.Debug|Any CPU.ActiveCfg = Debug|Any CPU
		{1A10C606-FCBD-486B-90E5-B014708A5E8D}.Debug|Any CPU.Build.0 = Debug|Any CPU
		{1A10C606-FCBD-486B-90E5-B014708A5E8D}.Release|Any CPU.ActiveCfg = Release|Any CPU
		{1A10C606-FCBD-486B-90E5-B014708A5E8D}.Release|Any CPU.Build.0 = Release|Any CPU
		{6422461B-B43A-4A47-9E14-17F13AA7867F}.Debug|Any CPU.ActiveCfg = Debug|Any CPU
		{6422461B-B43A-4A47-9E14-17F13AA7867F}.Debug|Any CPU.Build.0 = Debug|Any CPU
		{6422461B-B43A-4A47-9E14-17F13AA7867F}.Release|Any CPU.ActiveCfg = Release|Any CPU
		{6422461B-B43A-4A47-9E14-17F13AA7867F}.Release|Any CPU.Build.0 = Release|Any CPU
	EndGlobalSection
	GlobalSection(SolutionProperties) = preSolution
		HideSolutionNode = FALSE
	EndGlobalSection
	GlobalSection(ExtensibilityGlobals) = postSolution
		SolutionGuid = {F0B1EDE8-4581-4EA7-9BC3-B72DE9C917E7}
	EndGlobalSection
EndGlobal
